{
  "name": "@pterodactor3000/silica-animus",
  "version": "0.2.1",
  "lockfileVersion": 3,
  "requires": true,
  "packages": {
    "": {
      "name": "@pterodactor3000/silica-animus",
      "version": "0.2.1",
      "hasInstallScript": true,
      "license": "UNLICENSED",
      "bin": {
        "silica-animus": "install.js"
      },
      "engines": {
        "node": ">=24"
      }
    }
  }
}
